
Microsoft Visual Studio Solution File, Format Version 12.00
# Visual Studio Version 16
VisualStudioVersion = 16.0.30503.244
MinimumVisualStudioVersion = 10.0.40219.1
Project("{8BC9CEB8-8B4A-11D0-8D11-00A0C91BC942}") = "ConsoleApplication1", "ConsoleApplication1.vcxproj", "{27533A83-9152-46D7-B803-600367E1E552}"
EndProject
Global
	GlobalSection(SolutionConfigurationPlatforms) = preSolution
		Debug|x64 = Debug|x64
		Debug|x86 = Debug|x86
		Release|x64 = Release|x64
		Release|x86 = Release|x86
	EndGlobalSection
	GlobalSection(ProjectConfigurationPlatforms) = postSolution
		{27533A83-9152-46D7-B803-600367E1E552}.Debug|x64.ActiveCfg = Debug|x64
		{27533A83-9152-46D7-B803-600367E1E552}.Debug|x64.Build.0 = Debug|x64
		{27533A83-9152-46D7-B803-600367E1E552}.Debug|x86.ActiveCfg = Debug|Win32
		{27533A83-9152-46D7-B803-600367E1E552}.Debug|x86.Build.0 = Debug|Win32
		{27533A83-9152-46D7-B803-600367E1E552}.Release|x64.ActiveCfg = Release|x64
		{27533A83-9152-46D7-B803-600367E1E552}.Release|x64.Build.0 = Release|x64
		{27533A83-9152-46D7-B803-600367E1E552}.Release|x86.ActiveCfg = Release|Win32
		{27533A83-9152-46D7-B803-600367E1E552}.Release|x86.Build.0 = Release|Win32
	EndGlobalSection
	GlobalSection(SolutionProperties) = preSolution
		HideSolutionNode = FALSE
	EndGlobalSection
	GlobalSection(ExtensibilityGlobals) = postSolution
		SolutionGuid = {F0A3AFE2-2354-4629-849C-9A0A34D864F2}
	EndGlobalSection
EndGlobal
